# THIS IS AN AUTOGENERATED FILE. DO NOT EDIT THIS FILE DIRECTLY.
# yarn lockfile v1


commander@~1.1.1:
  version "1.1.1"
  resolved "https://registry.yarnpkg.com/commander/-/commander-1.1.1.tgz#50d1651868ae60eccff0a2d9f34595376bc6b041"
  integrity sha1-UNFlGGiuYOzP8KLZ80WVN2vGsEE=
  dependencies:
    keypress "0.1.x"

keypress@0.1.x:
  version "0.1.0"
  resolved "https://registry.yarnpkg.com/keypress/-/keypress-0.1.0.tgz#4a3188d4291b66b4f65edb99f806aa9ae293592a"
  integrity sha1-SjGI1CkbZrT2XtuZ+AaqmuKTWSo=

nan@^2.14.0:
  version "2.14.0"
  resolved "https://registry.yarnpkg.com/nan/-/nan-2.14.0.tgz#7818f722027b2459a86f0295d434d1fc2336c52c"
  integrity sha512-INOFj37C7k3AfaNTtX8RhsTw7qRy7eLET14cROi9+5HAVbbHuIWUHEauBv5qT4Av2tWasiTY1Jw6puUNqRJXQg==

nodejieba@^2.2.1:
  version "2.3.3"
  resolved "https://registry.yarnpkg.com/nodejieba/-/nodejieba-2.3.3.tgz#743fc196875b875822e22a299353cac8e0d04777"
  integrity sha512-HHLydPGYQawaA2kQnrx/wSM/suvd4efe/7XrVwYhXL2b2SEqO8O7ks0On5Xhc/wQKUp1OTwxKy7BYOwkt3CMgw==
  dependencies:
    nan "^2.14.0"

object-assign@^4.0.1:
  version "4.1.1"
  resolved "https://registry.yarnpkg.com/object-assign/-/object-assign-4.1.1.tgz#2109adc7965887cfc05cbbd442cac8bfbb360863"
  integrity sha1-IQmtx5ZYh8/AXLvUQsrIv7s2CGM=

pinyin@^2.9.0:
  version "2.9.0"
  resolved "https://registry.yarnpkg.com/pinyin/-/pinyin-2.9.0.tgz#1e77025bf4fafdad4ea410022837b5f97e53aab1"
  integrity sha512-TZYQ+2uE12arC1EfCeDmN5KgwIOuNMIweOotKvBZdhVOUuQc5RJsGEGf+BaSvxfVtu9ViYEFJmH0xTaj9t4n3Q==
  dependencies:
    commander "~1.1.1"
    object-assign "^4.0.1"
  optionalDependencies:
    nodejieba "^2.2.1"
